
Microsoft Visual Studio Solution File, Format Version 12.00
# Visual Studio Version 17
VisualStudioVersion = 17.13.35806.99
MinimumVisualStudioVersion = 10.0.40219.1
Project("{FAE04EC0-301F-11D3-BF4B-00C04F79EFBC}") = "ACT_Dashboard", "ACT_Dashboard.csproj", "{60DAA6C0-90F1-497E-A99B-84355C22FE39}"
EndProject
Global
	GlobalSection(SolutionConfigurationPlatforms) = preSolution
		Debug|Any CPU = Debug|Any CPU
		Release|Any CPU = Release|Any CPU
	EndGlobalSection
	GlobalSection(ProjectConfigurationPlatforms) = postSolution
		{60DAA6C0-90F1-497E-A99B-84355C22FE39}.Debug|Any CPU.ActiveCfg = Release|Any CPU
		{60DAA6C0-90F1-497E-A99B-84355C22FE39}.Debug|Any CPU.Build.0 = Release|Any CPU
		{60DAA6C0-90F1-497E-A99B-84355C22FE39}.Release|Any CPU.ActiveCfg = Release|Any CPU
		{60DAA6C0-90F1-497E-A99B-84355C22FE39}.Release|Any CPU.Build.0 = Release|Any CPU
	EndGlobalSection
	GlobalSection(SolutionProperties) = preSolution
		HideSolutionNode = FALSE
	EndGlobalSection
	GlobalSection(ExtensibilityGlobals) = postSolution
		SolutionGuid = {911A7175-EF54-4387-B02B-387E37A615DD}
	EndGlobalSection
EndGlobal
